// !$*UTF8*$!
{
	archiveVersion = 1;
	classes = {
	};
	objectVersion = 46;
	objects = {

/* Begin PBXBuildFile section */
		F48DDC591E732B4900F72D5A /* AppDelegate.swift in Sources */ = {isa = PBXBuildFile; fileRef = F48DDC581E732B4900F72D5A /* AppDelegate.swift */; };
		F48DDC5B1E732B4900F72D5A /* ViewController.swift in Sources */ = {isa = PBXBuildFile; fileRef = F48DDC5A1E732B4900F72D5A /* ViewController.swift */; };
		F48DDC5E1E732B4900F72D5A /* Main.storyboard in Resources */ = {isa = PBXBuildFile; fileRef = F48DDC5C1E732B4900F72D5A /* Main.storyboard */; };
		F48DDC601E732B4900F72D5A /* Assets.xcassets in Resources */ = {isa = PBXBuildFile; fileRef = F48DDC5F1E732B4900F72D5A /* Assets.xcassets */; };
		F48DDC631E732B4900F72D5A /* LaunchScreen.storyboard in Resources */ = {isa = PBXBuildFile; fileRef = F48DDC611E732B4900F72D5A /* LaunchScreen.storyboard */; };
/* End PBXBuildFile section */

/* Begin PBXFileReference section */
		F48DDC551E732B4900F72D5A /* SecondRepository.app */ = {isa = PBXFileReference; explicitFileType = wrapper.application; includeInIndex = 0; path = SecondRepository.app; sourceTree = BUILT_PRODUCTS_DIR; };
		F48DDC581E732B4900F72D5A /* AppDelegate.swift */ = {isa = PBXFileReference; lastKnownFileType = sourcecode.swift; path = AppDelegate.swift; sourceTree = "<group>"; };
		F48DDC5A1E732B4900F72D5A /* ViewController.swift */ = {isa = PBXFileReference; lastKnownFileType = sourcecode.swift; path = ViewController.swift; sourceTree = "<group>"; };
		F48DDC5D1E732B4900F72D5A /* Base */ = {isa = PBXFileReference; lastKnownFileType = file.storyboard; name = Base; path = Base.lproj/Main.storyboard; sourceTree = "<group>"; };
		F48DDC5F1E732B4900F72D5A /* Assets.xcassets */ = {isa = PBXFileReference; lastKnownFileType = folder.assetcatalog; path = Assets.xcassets; sourceTree = "<group>"; };
		F48DDC621E732B4900F72D5A /* Base */ = {isa = PBXFileReference; lastKnownFileType = file.storyboard; name = Base; path = Base.lproj/LaunchScreen.storyboard; sourceTree = "<group>"; };
		F48DDC641E732B4900F72D5A /* Info.plist */ = {isa = PBXFileReference; lastKnownFileType = text.plist.xml; path = Info.plist; sourceTree = "<group>"; };
/* End PBXFileReference section */

/* Begin PBXFrameworksBuildPhase section */
		F48DDC521E732B4900F72D5A /* Frameworks */ = {
			isa = PBXFrameworksBuildPhase;
			buildActionMask = 2147483647;
			files = (
			);
			runOnlyForDeploymentPostprocessing = 0;
		};
/* End PBXFrameworksBuildPhase section */

/* Begin PBXGroup section */
		F48DDC4C1E732B4900F72D5A = {
			isa = PBXGroup;
			children = (
				F48DDC571E732B4900F72D5A /* SecondRepository */,
				F48DDC561E732B4900F72D5A /* Products */,
			);
			sourceTree = "<group>";
		};
		F48DDC561E732B4900F72D5A /* Products */ = {
			isa = PBXGroup;
			children = (
				F48DDC551E732B4900F72D5A /* SecondRepository.app */,
			);
			name = Products;
			sourceTree = "<group>";
		};
		F48DDC571E732B4900F72D5A /* SecondRepository */ = {
			isa = PBXGroup;
			children = (
				F48DDC581E732B4900F72D5A /* AppDelegate.swift */,
				F48DDC5A1E732B4900F72D5A /* ViewController.swift */,
				F48DDC5C1E732B4900F72D5A /* Main.storyboard */,
				F48DDC5F1E732B4900F72D5A /* Assets.xcassets */,
				F48DDC611E732B4900F72D5A /* LaunchScreen.storyboard */,
				F48DDC641E732B4900F72D5A /* Info.plist */,
			);
			path = SecondRepository;
			sourceTree = "<group>";
		};
/* End PBXGroup section */

/* Begin PBXNativeTarget section */
		F48DDC541E732B4900F72D5A /* SecondRepository */ = {
			isa = PBXNativeTarget;
			buildConfigurationList = F48DDC671E732B4900F72D5A /* Build configuration list for PBXNativeTarget "SecondRepository" */;
			buildPhases = (
				F48DDC511E732B4900F72D5A /* Sources */,
				F48DDC521E732B4900F72D5A /* Frameworks */,
				F48DDC531E732B4900F72D5A /* Resources */,
			);
			buildRules = (
			);
			dependencies = (
			);
			name = SecondRepository;
			productName = SecondRepository;
			productReference = F48DDC551E732B4900F72D5A /* SecondRepository.app */;
			productType = "com.apple.product-type.application";
		};
/* End PBXNativeTarget section */

/* Begin PBXProject section */
		F48DDC4D1E732B4900F72D5A /* Project object */ = {
			isa = PBXProject;
			attributes = {
				LastSwiftUpdateCheck = 0820;
				LastUpgradeCheck = 0820;
				ORGANIZATIONNAME = "Zach McDermott";
				TargetAttributes = {
					F48DDC541E732B4900F72D5A = {
						CreatedOnToolsVersion = 8.2.1;
						DevelopmentTeam = 6A99ZJ3DAC;
						ProvisioningStyle = Automatic;
					};
				};
			};
			buildConfigurationList = F48DDC501E732B4900F72D5A /* Build configuration list for PBXProject "SecondRepository" */;
			compatibilityVersion = "Xcode 3.2";
			developmentRegion = English;
			hasScannedForEncodings = 0;
			knownRegions = (
				en,
				Base,
			);
			mainGroup = F48DDC4C1E732B4900F72D5A;
			productRefGroup = F48DDC561E732B4900F72D5A /* Products */;
			projectDirPath = "";
			projectRoot = "";
			targets = (
				F48DDC541E732B4900F72D5A /* SecondRepository */,
			);
		};
/* End PBXProject section */

/* Begin PBXResourcesBuildPhase section */
		F48DDC531E732B4900F72D5A /* Resources */ = {
			isa = PBXResourcesBuildPhase;
			buildActionMask = 2147483647;
			files = (
				F48DDC631E732B4900F72D5A /* LaunchScreen.storyboard in Resources */,
				F48DDC601E732B4900F72D5A /* Assets.xcassets in Resources */,
				F48DDC5E1E732B4900F72D5A /* Main.storyboard in Resources */,
			);
			runOnlyForDeploymentPostprocessing = 0;
		};
/* End PBXResourcesBuildPhase section */

/* Begin PBXSourcesBuildPhase section */
		F48DDC511E732B4900F72D5A /* Sources */ = {
			isa = PBXSourcesBuildPhase;
			buildActionMask = 2147483647;
			files = (
				F48DDC5B1E732B4900F72D5A /* ViewController.swift in Sources */,
				F48DDC591E732B4900F72D5A /* AppDelegate.swift in Sources */,
			);
			runOnlyForDeploymentPostprocessing = 0;
		};
/* End PBXSourcesBuildPhase section */

/* Begin PBXVariantGroup section */
		F48DDC5C1E732B4900F72D5A /* Main.storyboard */ = {
			isa = PBXVariantGroup;
			children = (
				F48DDC5D1E732B4900F72D5A /* Base */,
			);
			name = Main.storyboard;
			sourceTree = "<group>";
		};
		F48DDC611E732B4900F72D5A /* LaunchScreen.storyboard */ = {
			isa = PBXVariantGroup;
			children = (
				F48DDC621E732B4900F72D5A /* Base */,
			);
			name = LaunchScreen.storyboard;
			sourceTree = "<group>";
		};
/* End PBXVariantGroup section */

/* Begin XCBuildConfiguration section */
		F48DDC651E732B4900F72D5A /* Debug */ = {
			isa = XCBuildConfiguration;
			buildSettings = {
				ALWAYS_SEARCH_USER_PATHS = NO;
				CLANG_ANALYZER_NONNULL = YES;
				CLANG_CXX_LANGUAGE_STANDARD = "gnu++0x";
				CLANG_CXX_LIBRARY = "libc++";
				CLANG_ENABLE_MODULES = YES;
				CLANG_ENABLE_OBJC_ARC = YES;
				CLANG_WARN_BOOL_CONVERSION = YES;
				CLANG_WARN_CONSTANT_CONVERSION = YES;
				CLANG_WARN_DIRECT_OBJC_ISA_USAGE = YES_ERROR;
				CLANG_WARN_DOCUMENTATION_COMMENTS = YES;
				CLANG_WARN_EMPTY_BODY = YES;
				CLANG_WARN_ENUM_CONVERSION = YES;
				CLANG_WARN_INFINITE_RECURSION = YES;
				CLANG_WARN_INT_CONVERSION = YES;
				CLANG_WARN_OBJC_ROOT_CLASS = YES_ERROR;
				CLANG_WARN_SUSPICIOUS_MOVE = YES;
				CLANG_WARN_UNREACHABLE_CODE = YES;
				CLANG_WARN__DUPLICATE_METHOD_MATCH = YES;
				"CODE_SIGN_IDENTITY[sdk=iphoneos*]" = "iPhone Developer";
				COPY_PHASE_STRIP = NO;
				DEBUG_INFORMATION_FORMAT = dwarf;
				ENABLE_STRICT_OBJC_MSGSEND = YES;
				ENABLE_TESTABILITY = YES;
				GCC_C_LANGUAGE_STANDARD = gnu99;
				GCC_DYNAMIC_NO_PIC = NO;
				GCC_NO_COMMON_BLOCKS = YES;
				GCC_OPTIMIZATION_LEVEL = 0;
				GCC_PREPROCESSOR_DEFINITIONS = (
					"DEBUG=1",
					"$(inherited)",
				);
				GCC_WARN_64_TO_32_BIT_CONVERSION = YES;
				GCC_WARN_ABOUT_RETURN_TYPE = YES_ERROR;
				GCC_WARN_UNDECLARED_SELECTOR = YES;
				GCC_WARN_UNINITIALIZED_AUTOS = YES_AGGRESSIVE;
				GCC_WARN_UNUSED_FUNCTION = YES;
				GCC_WARN_UNUSED_VARIABLE = YES;
				IPHONEOS_DEPLOYMENT_TARGET = 10.2;
				MTL_ENABLE_DEBUG_INFO = YES;
				ONLY_ACTIVE_ARCH = YES;
				SDKROOT = iphoneos;
				SWIFT_ACTIVE_COMPILATION_CONDITIONS = DEBUG;
				SWIFT_OPTIMIZATION_LEVEL = "-Onone";
				TARGETED_DEVICE_FAMILY = "1,2";
			};
			name = Debug;
		};
		F48DDC661E732B4900F72D5A /* Release */ = {
			isa = XCBuildConfiguration;
			buildSettings = {
				ALWAYS_SEARCH_USER_PATHS = NO;
				CLANG_ANALYZER_NONNULL = YES;
				CLANG_CXX_LANGUAGE_STANDARD = "gnu++0x";
				CLANG_CXX_LIBRARY = "libc++";
				CLANG_ENABLE_MODULES = YES;
				CLANG_ENABLE_OBJC_ARC = YES;
				CLANG_WARN_BOOL_CONVERSION = YES;
				CLANG_WARN_CONSTANT_CONVERSION = YES;
				CLANG_WARN_DIRECT_OBJC_ISA_USAGE = YES_ERROR;
				CLANG_WARN_DOCUMENTATION_COMMENTS = YES;
				CLANG_WARN_EMPTY_BODY = YES;
				CLANG_WARN_ENUM_CONVERSION = YES;
				CLANG_WARN_INFINITE_RECURSION = YES;
				CLANG_WARN_INT_CONVERSION = YES;
				CLANG_WARN_OBJC_ROOT_CLASS = YES_ERROR;
				CLANG_WARN_SUSPICIOUS_MOVE = YES;
				CLANG_WARN_UNREACHABLE_CODE = YES;
				CLANG_WARN__DUPLICATE_METHOD_MATCH = YES;
				"CODE_SIGN_IDENTITY[sdk=iphoneos*]" = "iPhone Developer";
				COPY_PHASE_STRIP = NO;
				DEBUG_INFORMATION_FORMAT = "dwarf-with-dsym";
				ENABLE_NS_ASSERTIONS = NO;
				ENABLE_STRICT_OBJC_MSGSEND = YES;
				GCC_C_LANGUAGE_STANDARD = gnu99;
				GCC_NO_COMMON_BLOCKS = YES;
				GCC_WARN_64_TO_32_BIT_CONVERSION = YES;
				GCC_WARN_ABOUT_RETURN_TYPE = YES_ERROR;
				GCC_WARN_UNDECLARED_SELECTOR = YES;
				GCC_WARN_UNINITIALIZED_AUTOS = YES_AGGRESSIVE;
				GCC_WARN_UNUSED_FUNCTION = YES;
				GCC_WARN_UNUSED_VARIABLE = YES;
				IPHONEOS_DEPLOYMENT_TARGET = 10.2;
				MTL_ENABLE_DEBUG_INFO = NO;
				SDKROOT = iphoneos;
				SWIFT_OPTIMIZATION_LEVEL = "-Owholemodule";
				TARGETED_DEVICE_FAMILY = "1,2";
				VALIDATE_PRODUCT = YES;
			};
			name = Release;
		};
		F48DDC681E732B4900F72D5A /* Debug */ = {
			isa = XCBuildConfiguration;
			buildSettings = {
				ASSETCATALOG_COMPILER_APPICON_NAME = AppIcon;
				DEVELOPMENT_TEAM = 6A99ZJ3DAC;
				INFOPLIST_FILE = SecondRepository/Info.plist;
				LD_RUNPATH_SEARCH_PATHS = "$(inherited) @executable_path/Frameworks";
				PRODUCT_BUNDLE_IDENTIFIER = com.ZachMcDermott.SecondRepository;
				PRODUCT_NAME = "$(TARGET_NAME)";
				SWIFT_VERSION = 3.0;
			};
			name = Debug;
		};
		F48DDC691E732B4900F72D5A /* Release */ = {
			isa = XCBuildConfiguration;
			buildSettings = {
				ASSETCATALOG_COMPILER_APPICON_NAME = AppIcon;
				DEVELOPMENT_TEAM = 6A99ZJ3DAC;
				INFOPLIST_FILE = SecondRepository/Info.plist;
				LD_RUNPATH_SEARCH_PATHS = "$(inherited) @executable_path/Frameworks";
				PRODUCT_BUNDLE_IDENTIFIER = com.ZachMcDermott.SecondRepository;
				PRODUCT_NAME = "$(TARGET_NAME)";
				SWIFT_VERSION = 3.0;
			};
			name = Release;
		};
/* End XCBuildConfiguration section */

/* Begin XCConfigurationList section */
		F48DDC501E732B4900F72D5A /* Build configuration list for PBXProject "SecondRepository" */ = {
			isa = XCConfigurationList;
			buildConfigurations = (
				F48DDC651E732B4900F72D5A /* Debug */,
				F48DDC661E732B4900F72D5A /* Release */,
			);
			defaultConfigurationIsVisible = 0;
			defaultConfigurationName = Release;
		};
		F48DDC671E732B4900F72D5A /* Build configuration list for PBXNativeTarget "SecondRepository" */ = {
			isa = XCConfigurationList;
			buildConfigurations = (
				F48DDC681E732B4900F72D5A /* Debug */,
				F48DDC691E732B4900F72D5A /* Release */,
			);
			defaultConfigurationIsVisible = 0;
		};
/* End XCConfigurationList section */
	};
	rootObject = F48DDC4D1E732B4900F72D5A /* Project object */;
}
